// !$*UTF8*$!
{
	archiveVersion = 1;
	classes = {
	};
	objectVersion = 46;
	objects = {

/* Begin PBXBuildFile section */
		9013E2E21EAC015800A817A9 /* VideoToolbarViewController.swift in Sources */ = {isa = PBXBuildFile; fileRef = 9013E2E11EAC015800A817A9 /* VideoToolbarViewController.swift */; };
		9013E2E41EACAED300A817A9 /* EffectsViewController.swift in Sources */ = {isa = PBXBuildFile; fileRef = 9013E2E31EACAED300A817A9 /* EffectsViewController.swift */; };
		9041D3371EA24CF9007E134B /* AppDelegate.swift in Sources */ = {isa = PBXBuildFile; fileRef = 9041D3361EA24CF9007E134B /* AppDelegate.swift */; };
		9041D33C1EA24CF9007E134B /* Main.storyboard in Resources */ = {isa = PBXBuildFile; fileRef = 9041D33A1EA24CF9007E134B /* Main.storyboard */; };
		9041D33E1EA24CF9007E134B /* Assets.xcassets in Resources */ = {isa = PBXBuildFile; fileRef = 9041D33D1EA24CF9007E134B /* Assets.xcassets */; };
		9041D3411EA24CF9007E134B /* LaunchScreen.storyboard in Resources */ = {isa = PBXBuildFile; fileRef = 9041D33F1EA24CF9007E134B /* LaunchScreen.storyboard */; };
		9041D34B1EA25B63007E134B /* LeckerliOne-Regular.otf in Resources */ = {isa = PBXBuildFile; fileRef = 9041D34A1EA25B63007E134B /* LeckerliOne-Regular.otf */; };
		9041D3531EA2720D007E134B /* SwiftyOnboard.swift in Sources */ = {isa = PBXBuildFile; fileRef = 9041D34F1EA2720D007E134B /* SwiftyOnboard.swift */; };
		9041D3541EA2720D007E134B /* SwiftyOnboardOverlay.swift in Sources */ = {isa = PBXBuildFile; fileRef = 9041D3501EA2720D007E134B /* SwiftyOnboardOverlay.swift */; };
		9041D3551EA2720D007E134B /* SwiftyOnboardPage.swift in Sources */ = {isa = PBXBuildFile; fileRef = 9041D3511EA2720D007E134B /* SwiftyOnboardPage.swift */; };
		9041D3571EA27255007E134B /* OnboardingViewController.swift in Sources */ = {isa = PBXBuildFile; fileRef = 9041D3561EA27255007E134B /* OnboardingViewController.swift */; };
		9041D35A1EA2860F007E134B /* CHIPageControlChimayo.swift in Sources */ = {isa = PBXBuildFile; fileRef = 9041D3591EA2860F007E134B /* CHIPageControlChimayo.swift */; };
		9041D35F1EA2864B007E134B /* CHIBasePageControl.swift in Sources */ = {isa = PBXBuildFile; fileRef = 9041D35C1EA2864B007E134B /* CHIBasePageControl.swift */; };
		9041D3601EA2864B007E134B /* CHILayer.swift in Sources */ = {isa = PBXBuildFile; fileRef = 9041D35D1EA2864B007E134B /* CHILayer.swift */; };
		9041D3611EA2864B007E134B /* CHIPageControllable.swift in Sources */ = {isa = PBXBuildFile; fileRef = 9041D35E1EA2864B007E134B /* CHIPageControllable.swift */; };
		9041D3631EA29F52007E134B /* CardOnboardingViewController.swift in Sources */ = {isa = PBXBuildFile; fileRef = 9041D3621EA29F52007E134B /* CardOnboardingViewController.swift */; };
		9041D3671EA36DDA007E134B /* UIColorExtension.swift in Sources */ = {isa = PBXBuildFile; fileRef = 9041D3661EA36DDA007E134B /* UIColorExtension.swift */; };
		9041D3691EA37272007E134B /* OverlayOnboardingViewController.swift in Sources */ = {isa = PBXBuildFile; fileRef = 9041D3681EA37272007E134B /* OverlayOnboardingViewController.swift */; };
		9041D36B1EA37427007E134B /* CardView.swift in Sources */ = {isa = PBXBuildFile; fileRef = 9041D36A1EA37427007E134B /* CardView.swift */; };
		9041D3771EA3D596007E134B /* Info.plist in Resources */ = {isa = PBXBuildFile; fileRef = 9041D3731EA3D596007E134B /* Info.plist */; };
		9041D3781EA3D596007E134B /* Promise+Extras.swift in Sources */ = {isa = PBXBuildFile; fileRef = 9041D3741EA3D596007E134B /* Promise+Extras.swift */; };
		9041D3791EA3D596007E134B /* Promise.swift in Sources */ = {isa = PBXBuildFile; fileRef = 9041D3761EA3D596007E134B /* Promise.swift */; };
		9041D37B1EA3DBCB007E134B /* PermissionController.swift in Sources */ = {isa = PBXBuildFile; fileRef = 9041D37A1EA3DBCB007E134B /* PermissionController.swift */; };
		904B860C1EA3F8C400540D3A /* CameraViewController.swift in Sources */ = {isa = PBXBuildFile; fileRef = 904B860B1EA3F8C400540D3A /* CameraViewController.swift */; };
		904B860F1EA4012700540D3A /* RecordButton.swift in Sources */ = {isa = PBXBuildFile; fileRef = 904B860E1EA4012700540D3A /* RecordButton.swift */; };
		904F80A21EA4B9E3008574CE /* AssetManager.swift in Sources */ = {isa = PBXBuildFile; fileRef = 904F808B1EA4B9E3008574CE /* AssetManager.swift */; };
		904F80A31EA4B9E3008574CE /* BottomContainerView.swift in Sources */ = {isa = PBXBuildFile; fileRef = 904F808D1EA4B9E3008574CE /* BottomContainerView.swift */; };
		904F80A41EA4B9E3008574CE /* ButtonPicker.swift in Sources */ = {isa = PBXBuildFile; fileRef = 904F808E1EA4B9E3008574CE /* ButtonPicker.swift */; };
		904F80A51EA4B9E3008574CE /* ImageStack.swift in Sources */ = {isa = PBXBuildFile; fileRef = 904F808F1EA4B9E3008574CE /* ImageStack.swift */; };
		904F80A61EA4B9E3008574CE /* StackView.swift in Sources */ = {isa = PBXBuildFile; fileRef = 904F80901EA4B9E3008574CE /* StackView.swift */; };
		904F80A91EA4B9E3008574CE /* Configuration.swift in Sources */ = {isa = PBXBuildFile; fileRef = 904F80941EA4B9E3008574CE /* Configuration.swift */; };
		904F80AA1EA4B9E3008574CE /* ConstraintsSetup.swift in Sources */ = {isa = PBXBuildFile; fileRef = 904F80961EA4B9E3008574CE /* ConstraintsSetup.swift */; };
		904F80AB1EA4B9E3008574CE /* Helper.swift in Sources */ = {isa = PBXBuildFile; fileRef = 904F80971EA4B9E3008574CE /* Helper.swift */; };
		904F80AC1EA4B9E3008574CE /* ImageGalleryLayout.swift in Sources */ = {isa = PBXBuildFile; fileRef = 904F80991EA4B9E3008574CE /* ImageGalleryLayout.swift */; };
		904F80AD1EA4B9E3008574CE /* ImageGalleryView.swift in Sources */ = {isa = PBXBuildFile; fileRef = 904F809A1EA4B9E3008574CE /* ImageGalleryView.swift */; };
		904F80AE1EA4B9E3008574CE /* ImageGalleryViewCell.swift in Sources */ = {isa = PBXBuildFile; fileRef = 904F809B1EA4B9E3008574CE /* ImageGalleryViewCell.swift */; };
		904F80AF1EA4B9E3008574CE /* ImageGalleryViewDataSource.swift in Sources */ = {isa = PBXBuildFile; fileRef = 904F809C1EA4B9E3008574CE /* ImageGalleryViewDataSource.swift */; };
		904F80B01EA4B9E3008574CE /* VideoInfoView.swift in Sources */ = {isa = PBXBuildFile; fileRef = 904F809D1EA4B9E3008574CE /* VideoInfoView.swift */; };
		904F80B11EA4B9E3008574CE /* ImagePickerController.swift in Sources */ = {isa = PBXBuildFile; fileRef = 904F809E1EA4B9E3008574CE /* ImagePickerController.swift */; };
		904F80B21EA4B9E3008574CE /* LocationManager.swift in Sources */ = {isa = PBXBuildFile; fileRef = 904F809F1EA4B9E3008574CE /* LocationManager.swift */; };
		904F80B31EA4B9E3008574CE /* TopView.swift in Sources */ = {isa = PBXBuildFile; fileRef = 904F80A11EA4B9E3008574CE /* TopView.swift */; };
		904F80BC1EA4BE56008574CE /* AUTO@3x.png in Resources */ = {isa = PBXBuildFile; fileRef = 904F80B51EA4BE56008574CE /* AUTO@3x.png */; };
		904F80BD1EA4BE56008574CE /* cameraIcon@3x.png in Resources */ = {isa = PBXBuildFile; fileRef = 904F80B61EA4BE56008574CE /* cameraIcon@3x.png */; };
		904F80BE1EA4BE56008574CE /* focusIcon@3x.png in Resources */ = {isa = PBXBuildFile; fileRef = 904F80B71EA4BE56008574CE /* focusIcon@3x.png */; };
		904F80BF1EA4BE56008574CE /* OFF@3x.png in Resources */ = {isa = PBXBuildFile; fileRef = 904F80B81EA4BE56008574CE /* OFF@3x.png */; };
		904F80C01EA4BE56008574CE /* ON@3x.png in Resources */ = {isa = PBXBuildFile; fileRef = 904F80B91EA4BE56008574CE /* ON@3x.png */; };
		904F80C11EA4BE56008574CE /* selectedImageGallery@3x.png in Resources */ = {isa = PBXBuildFile; fileRef = 904F80BA1EA4BE56008574CE /* selectedImageGallery@3x.png */; };
		904F80C21EA4BE56008574CE /* video@3x.png in Resources */ = {isa = PBXBuildFile; fileRef = 904F80BB1EA4BE56008574CE /* video@3x.png */; };
		904F80C41EA5256A008574CE /* infoIcon@3x.png in Resources */ = {isa = PBXBuildFile; fileRef = 904F80C31EA5256A008574CE /* infoIcon@3x.png */; };
		904F80C61EA534A5008574CE /* UIAlertControllerExtension.swift in Sources */ = {isa = PBXBuildFile; fileRef = 904F80C51EA534A5008574CE /* UIAlertControllerExtension.swift */; };
		90661E721EA553A6009E81D3 /* VideoPreviewViewController.swift in Sources */ = {isa = PBXBuildFile; fileRef = 90661E711EA553A6009E81D3 /* VideoPreviewViewController.swift */; };
		90661E741EA55EF2009E81D3 /* AVAssetExtension.swift in Sources */ = {isa = PBXBuildFile; fileRef = 90661E731EA55EF2009E81D3 /* AVAssetExtension.swift */; };
		90661E771EA56140009E81D3 /* SpeechRecognizer.swift in Sources */ = {isa = PBXBuildFile; fileRef = 90661E761EA56140009E81D3 /* SpeechRecognizer.swift */; };
		90661E7B1EA60FBB009E81D3 /* AudioExtractor.swift in Sources */ = {isa = PBXBuildFile; fileRef = 90661E7A1EA60FBB009E81D3 /* AudioExtractor.swift */; };
		90661E7D1EA61379009E81D3 /* SpeechModel.swift in Sources */ = {isa = PBXBuildFile; fileRef = 90661E7C1EA61379009E81D3 /* SpeechModel.swift */; };
		90661E7F1EA614C6009E81D3 /* SpeechController.swift in Sources */ = {isa = PBXBuildFile; fileRef = 90661E7E1EA614C6009E81D3 /* SpeechController.swift */; };
		90661E891EA6253A009E81D3 /* VideoSubtitlesComposer.swift in Sources */ = {isa = PBXBuildFile; fileRef = 90661E881EA6253A009E81D3 /* VideoSubtitlesComposer.swift */; };
		90661E8B1EA626E5009E81D3 /* DynamicSubtitlesComposer.swift in Sources */ = {isa = PBXBuildFile; fileRef = 90661E8A1EA626E5009E81D3 /* DynamicSubtitlesComposer.swift */; };
		90661E8F1EA66FC7009E81D3 /* IMG_0418.MOV in Resources */ = {isa = PBXBuildFile; fileRef = 90661E8E1EA66FC7009E81D3 /* IMG_0418.MOV */; };
		90661E911EA67626009E81D3 /* AnimationsComposer.swift in Sources */ = {isa = PBXBuildFile; fileRef = 90661E901EA67626009E81D3 /* AnimationsComposer.swift */; };
		90661E931EA678CE009E81D3 /* Logger.swift in Sources */ = {isa = PBXBuildFile; fileRef = 90661E921EA678CE009E81D3 /* Logger.swift */; };
		90661E951EA6BD28009E81D3 /* IMG_0421.MOV in Resources */ = {isa = PBXBuildFile; fileRef = 90661E941EA6BD28009E81D3 /* IMG_0421.MOV */; };
		906D9E351EA8185500181EC2 /* ALLoadingView.swift in Sources */ = {isa = PBXBuildFile; fileRef = 906D9E341EA8185500181EC2 /* ALLoadingView.swift */; };
		906D9E371EA827DB00181EC2 /* OverlayView.swift in Sources */ = {isa = PBXBuildFile; fileRef = 906D9E361EA827DB00181EC2 /* OverlayView.swift */; };
		9084C8881EABAAC300B60BCF /* CustomBlurRadiusView.swift in Sources */ = {isa = PBXBuildFile; fileRef = 9084C8871EABAAC300B60BCF /* CustomBlurRadiusView.swift */; };
		9084C88A1EABAD0D00B60BCF /* Recording.swift in Sources */ = {isa = PBXBuildFile; fileRef = 9084C8891EABAD0D00B60BCF /* Recording.swift */; };
		9084C88D1EABAF0F00B60BCF /* AssetController.swift in Sources */ = {isa = PBXBuildFile; fileRef = 9084C88C1EABAF0F00B60BCF /* AssetController.swift */; };
		90CD57E01EACCF60007B1D6E /* FontCell.swift in Sources */ = {isa = PBXBuildFile; fileRef = 90CD57DF1EACCF60007B1D6E /* FontCell.swift */; };
		90CD57E41EACEB86007B1D6E /* UINavigationControllerExtension.swift in Sources */ = {isa = PBXBuildFile; fileRef = 90CD57E31EACEB86007B1D6E /* UINavigationControllerExtension.swift */; };
		90CD57E61EACF206007B1D6E /* UIStoryboardExtension.swift in Sources */ = {isa = PBXBuildFile; fileRef = 90CD57E51EACF206007B1D6E /* UIStoryboardExtension.swift */; };
		90CD57E81EAD1875007B1D6E /* VideoToolbarCoordinator.swift in Sources */ = {isa = PBXBuildFile; fileRef = 90CD57E71EAD1875007B1D6E /* VideoToolbarCoordinator.swift */; };
		90CD57EA1EAD23F6007B1D6E /* VideoToolbarAnimator.swift in Sources */ = {isa = PBXBuildFile; fileRef = 90CD57E91EAD23F6007B1D6E /* VideoToolbarAnimator.swift */; };
		90D6B73A1EA40E94002B26EE /* PreviewView.swift in Sources */ = {isa = PBXBuildFile; fileRef = 90D6B7391EA40E94002B26EE /* PreviewView.swift */; };
		90DE8C651EACBD6C0055A390 /* ColorCell.swift in Sources */ = {isa = PBXBuildFile; fileRef = 90DE8C641EACBD6C0055A390 /* ColorCell.swift */; };
		90DE8C671EACBF8E0055A390 /* ColorsViewController.swift in Sources */ = {isa = PBXBuildFile; fileRef = 90DE8C661EACBF8E0055A390 /* ColorsViewController.swift */; };
		90DE8C691EACCC3C0055A390 /* FontsViewController.swift in Sources */ = {isa = PBXBuildFile; fileRef = 90DE8C681EACCC3C0055A390 /* FontsViewController.swift */; };
		B9C3E75D9DEEC3D2B152EF40 /* Pods_AlohaGIF.framework in Frameworks */ = {isa = PBXBuildFile; fileRef = E3DFBEE17AE862F9197E9286 /* Pods_AlohaGIF.framework */; };
/* End PBXBuildFile section */

/* Begin PBXFileReference section */
		9013E2E11EAC015800A817A9 /* VideoToolbarViewController.swift */ = {isa = PBXFileReference; fileEncoding = 4; lastKnownFileType = sourcecode.swift; path = VideoToolbarViewController.swift; sourceTree = "<group>"; };
		9013E2E31EACAED300A817A9 /* EffectsViewController.swift */ = {isa = PBXFileReference; fileEncoding = 4; lastKnownFileType = sourcecode.swift; path = EffectsViewController.swift; sourceTree = "<group>"; };
		9041D3331EA24CF9007E134B /* AlohaGIF.app */ = {isa = PBXFileReference; explicitFileType = wrapper.application; includeInIndex = 0; path = AlohaGIF.app; sourceTree = BUILT_PRODUCTS_DIR; };
		9041D3361EA24CF9007E134B /* AppDelegate.swift */ = {isa = PBXFileReference; lastKnownFileType = sourcecode.swift; path = AppDelegate.swift; sourceTree = "<group>"; };
		9041D33B1EA24CF9007E134B /* Base */ = {isa = PBXFileReference; lastKnownFileType = file.storyboard; name = Base; path = Base.lproj/Main.storyboard; sourceTree = "<group>"; };
		9041D33D1EA24CF9007E134B /* Assets.xcassets */ = {isa = PBXFileReference; lastKnownFileType = folder.assetcatalog; path = Assets.xcassets; sourceTree = "<group>"; };
		9041D3401EA24CF9007E134B /* Base */ = {isa = PBXFileReference; lastKnownFileType = file.storyboard; name = Base; path = Base.lproj/LaunchScreen.storyboard; sourceTree = "<group>"; };
		9041D3421EA24CF9007E134B /* Info.plist */ = {isa = PBXFileReference; lastKnownFileType = text.plist.xml; path = Info.plist; sourceTree = "<group>"; };
		9041D34A1EA25B63007E134B /* LeckerliOne-Regular.otf */ = {isa = PBXFileReference; lastKnownFileType = file; path = "LeckerliOne-Regular.otf"; sourceTree = "<group>"; };
		9041D34E1EA2720D007E134B /* SwiftyOnboard.h */ = {isa = PBXFileReference; fileEncoding = 4; lastKnownFileType = sourcecode.c.h; path = SwiftyOnboard.h; sourceTree = "<group>"; };
		9041D34F1EA2720D007E134B /* SwiftyOnboard.swift */ = {isa = PBXFileReference; fileEncoding = 4; lastKnownFileType = sourcecode.swift; path = SwiftyOnboard.swift; sourceTree = "<group>"; };
		9041D3501EA2720D007E134B /* SwiftyOnboardOverlay.swift */ = {isa = PBXFileReference; fileEncoding = 4; lastKnownFileType = sourcecode.swift; path = SwiftyOnboardOverlay.swift; sourceTree = "<group>"; };
		9041D3511EA2720D007E134B /* SwiftyOnboardPage.swift */ = {isa = PBXFileReference; fileEncoding = 4; lastKnownFileType = sourcecode.swift; path = SwiftyOnboardPage.swift; sourceTree = "<group>"; };
		9041D3561EA27255007E134B /* OnboardingViewController.swift */ = {isa = PBXFileReference; fileEncoding = 4; lastKnownFileType = sourcecode.swift; path = OnboardingViewController.swift; sourceTree = "<group>"; };
		9041D3591EA2860F007E134B /* CHIPageControlChimayo.swift */ = {isa = PBXFileReference; fileEncoding = 4; lastKnownFileType = sourcecode.swift; path = CHIPageControlChimayo.swift; sourceTree = "<group>"; };
		9041D35C1EA2864B007E134B /* CHIBasePageControl.swift */ = {isa = PBXFileReference; fileEncoding = 4; lastKnownFileType = sourcecode.swift; path = CHIBasePageControl.swift; sourceTree = "<group>"; };
		9041D35D1EA2864B007E134B /* CHILayer.swift */ = {isa = PBXFileReference; fileEncoding = 4; lastKnownFileType = sourcecode.swift; path = CHILayer.swift; sourceTree = "<group>"; };
		9041D35E1EA2864B007E134B /* CHIPageControllable.swift */ = {isa = PBXFileReference; fileEncoding = 4; lastKnownFileType = sourcecode.swift; path = CHIPageControllable.swift; sourceTree = "<group>"; };
		9041D3621EA29F52007E134B /* CardOnboardingViewController.swift */ = {isa = PBXFileReference; fileEncoding = 4; lastKnownFileType = sourcecode.swift; path = CardOnboardingViewController.swift; sourceTree = "<group>"; };
		9041D3661EA36DDA007E134B /* UIColorExtension.swift */ = {isa = PBXFileReference; fileEncoding = 4; lastKnownFileType = sourcecode.swift; path = UIColorExtension.swift; sourceTree = "<group>"; };
		9041D3681EA37272007E134B /* OverlayOnboardingViewController.swift */ = {isa = PBXFileReference; fileEncoding = 4; lastKnownFileType = sourcecode.swift; path = OverlayOnboardingViewController.swift; sourceTree = "<group>"; };
		9041D36A1EA37427007E134B /* CardView.swift */ = {isa = PBXFileReference; fileEncoding = 4; lastKnownFileType = sourcecode.swift; path = CardView.swift; sourceTree = "<group>"; };
		9041D3731EA3D596007E134B /* Info.plist */ = {isa = PBXFileReference; fileEncoding = 4; lastKnownFileType = text.plist.xml; path = Info.plist; sourceTree = "<group>"; };
		9041D3741EA3D596007E134B /* Promise+Extras.swift */ = {isa = PBXFileReference; fileEncoding = 4; lastKnownFileType = sourcecode.swift; path = "Promise+Extras.swift"; sourceTree = "<group>"; };
		9041D3751EA3D596007E134B /* Promise.h */ = {isa = PBXFileReference; fileEncoding = 4; lastKnownFileType = sourcecode.c.h; path = Promise.h; sourceTree = "<group>"; };
		9041D3761EA3D596007E134B /* Promise.swift */ = {isa = PBXFileReference; fileEncoding = 4; lastKnownFileType = sourcecode.swift; path = Promise.swift; sourceTree = "<group>"; };
		9041D37A1EA3DBCB007E134B /* PermissionController.swift */ = {isa = PBXFileReference; fileEncoding = 4; lastKnownFileType = sourcecode.swift; path = PermissionController.swift; sourceTree = "<group>"; };
		904B860B1EA3F8C400540D3A /* CameraViewController.swift */ = {isa = PBXFileReference; fileEncoding = 4; lastKnownFileType = sourcecode.swift; path = CameraViewController.swift; sourceTree = "<group>"; };
		904B860E1EA4012700540D3A /* RecordButton.swift */ = {isa = PBXFileReference; fileEncoding = 4; lastKnownFileType = sourcecode.swift; path = RecordButton.swift; sourceTree = "<group>"; };
		904F808B1EA4B9E3008574CE /* AssetManager.swift */ = {isa = PBXFileReference; fileEncoding = 4; lastKnownFileType = sourcecode.swift; path = AssetManager.swift; sourceTree = "<group>"; };
		904F808D1EA4B9E3008574CE /* BottomContainerView.swift */ = {isa = PBXFileReference; fileEncoding = 4; lastKnownFileType = sourcecode.swift; path = BottomContainerView.swift; sourceTree = "<group>"; };
		904F808E1EA4B9E3008574CE /* ButtonPicker.swift */ = {isa = PBXFileReference; fileEncoding = 4; lastKnownFileType = sourcecode.swift; path = ButtonPicker.swift; sourceTree = "<group>"; };
		904F808F1EA4B9E3008574CE /* ImageStack.swift */ = {isa = PBXFileReference; fileEncoding = 4; lastKnownFileType = sourcecode.swift; path = ImageStack.swift; sourceTree = "<group>"; };
		904F80901EA4B9E3008574CE /* StackView.swift */ = {isa = PBXFileReference; fileEncoding = 4; lastKnownFileType = sourcecode.swift; path = StackView.swift; sourceTree = "<group>"; };
		904F80941EA4B9E3008574CE /* Configuration.swift */ = {isa = PBXFileReference; fileEncoding = 4; lastKnownFileType = sourcecode.swift; path = Configuration.swift; sourceTree = "<group>"; };
		904F80961EA4B9E3008574CE /* ConstraintsSetup.swift */ = {isa = PBXFileReference; fileEncoding = 4; lastKnownFileType = sourcecode.swift; path = ConstraintsSetup.swift; sourceTree = "<group>"; };
		904F80971EA4B9E3008574CE /* Helper.swift */ = {isa = PBXFileReference; fileEncoding = 4; lastKnownFileType = sourcecode.swift; path = Helper.swift; sourceTree = "<group>"; };
		904F80991EA4B9E3008574CE /* ImageGalleryLayout.swift */ = {isa = PBXFileReference; fileEncoding = 4; lastKnownFileType = sourcecode.swift; path = ImageGalleryLayout.swift; sourceTree = "<group>"; };
		904F809A1EA4B9E3008574CE /* ImageGalleryView.swift */ = {isa = PBXFileReference; fileEncoding = 4; lastKnownFileType = sourcecode.swift; path = ImageGalleryView.swift; sourceTree = "<group>"; };
		904F809B1EA4B9E3008574CE /* ImageGalleryViewCell.swift */ = {isa = PBXFileReference; fileEncoding = 4; lastKnownFileType = sourcecode.swift; path = ImageGalleryViewCell.swift; sourceTree = "<group>"; };
		904F809C1EA4B9E3008574CE /* ImageGalleryViewDataSource.swift */ = {isa = PBXFileReference; fileEncoding = 4; lastKnownFileType = sourcecode.swift; path = ImageGalleryViewDataSource.swift; sourceTree = "<group>"; };
		904F809D1EA4B9E3008574CE /* VideoInfoView.swift */ = {isa = PBXFileReference; fileEncoding = 4; lastKnownFileType = sourcecode.swift; path = VideoInfoView.swift; sourceTree = "<group>"; };
		904F809E1EA4B9E3008574CE /* ImagePickerController.swift */ = {isa = PBXFileReference; fileEncoding = 4; lastKnownFileType = sourcecode.swift; path = ImagePickerController.swift; sourceTree = "<group>"; };
		904F809F1EA4B9E3008574CE /* LocationManager.swift */ = {isa = PBXFileReference; fileEncoding = 4; lastKnownFileType = sourcecode.swift; path = LocationManager.swift; sourceTree = "<group>"; };
		904F80A11EA4B9E3008574CE /* TopView.swift */ = {isa = PBXFileReference; fileEncoding = 4; lastKnownFileType = sourcecode.swift; path = TopView.swift; sourceTree = "<group>"; };
		904F80B51EA4BE56008574CE /* AUTO@3x.png */ = {isa = PBXFileReference; lastKnownFileType = image.png; path = "AUTO@3x.png"; sourceTree = "<group>"; };
		904F80B61EA4BE56008574CE /* cameraIcon@3x.png */ = {isa = PBXFileReference; lastKnownFileType = image.png; path = "cameraIcon@3x.png"; sourceTree = "<group>"; };
		904F80B71EA4BE56008574CE /* focusIcon@3x.png */ = {isa = PBXFileReference; lastKnownFileType = image.png; path = "focusIcon@3x.png"; sourceTree = "<group>"; };
		904F80B81EA4BE56008574CE /* OFF@3x.png */ = {isa = PBXFileReference; lastKnownFileType = image.png; path = "OFF@3x.png"; sourceTree = "<group>"; };
		904F80B91EA4BE56008574CE /* ON@3x.png */ = {isa = PBXFileReference; lastKnownFileType = image.png; path = "ON@3x.png"; sourceTree = "<group>"; };
		904F80BA1EA4BE56008574CE /* selectedImageGallery@3x.png */ = {isa = PBXFileReference; lastKnownFileType = image.png; path = "selectedImageGallery@3x.png"; sourceTree = "<group>"; };
		904F80BB1EA4BE56008574CE /* video@3x.png */ = {isa = PBXFileReference; lastKnownFileType = image.png; path = "video@3x.png"; sourceTree = "<group>"; };
		904F80C31EA5256A008574CE /* infoIcon@3x.png */ = {isa = PBXFileReference; lastKnownFileType = image.png; path = "infoIcon@3x.png"; sourceTree = "<group>"; };
		904F80C51EA534A5008574CE /* UIAlertControllerExtension.swift */ = {isa = PBXFileReference; fileEncoding = 4; lastKnownFileType = sourcecode.swift; path = UIAlertControllerExtension.swift; sourceTree = "<group>"; };
		90661E711EA553A6009E81D3 /* VideoPreviewViewController.swift */ = {isa = PBXFileReference; fileEncoding = 4; lastKnownFileType = sourcecode.swift; path = VideoPreviewViewController.swift; sourceTree = "<group>"; };
		90661E731EA55EF2009E81D3 /* AVAssetExtension.swift */ = {isa = PBXFileReference; fileEncoding = 4; lastKnownFileType = sourcecode.swift; path = AVAssetExtension.swift; sourceTree = "<group>"; };
		90661E761EA56140009E81D3 /* SpeechRecognizer.swift */ = {isa = PBXFileReference; fileEncoding = 4; lastKnownFileType = sourcecode.swift; path = SpeechRecognizer.swift; sourceTree = "<group>"; };
		90661E7A1EA60FBB009E81D3 /* AudioExtractor.swift */ = {isa = PBXFileReference; fileEncoding = 4; lastKnownFileType = sourcecode.swift; path = AudioExtractor.swift; sourceTree = "<group>"; };
		90661E7C1EA61379009E81D3 /* SpeechModel.swift */ = {isa = PBXFileReference; fileEncoding = 4; lastKnownFileType = sourcecode.swift; path = SpeechModel.swift; sourceTree = "<group>"; };
		90661E7E1EA614C6009E81D3 /* SpeechController.swift */ = {isa = PBXFileReference; fileEncoding = 4; lastKnownFileType = sourcecode.swift; path = SpeechController.swift; sourceTree = "<group>"; };
		90661E881EA6253A009E81D3 /* VideoSubtitlesComposer.swift */ = {isa = PBXFileReference; fileEncoding = 4; lastKnownFileType = sourcecode.swift; path = VideoSubtitlesComposer.swift; sourceTree = "<group>"; };
		90661E8A1EA626E5009E81D3 /* DynamicSubtitlesComposer.swift */ = {isa = PBXFileReference; fileEncoding = 4; lastKnownFileType = sourcecode.swift; path = DynamicSubtitlesComposer.swift; sourceTree = "<group>"; };
		90661E8E1EA66FC7009E81D3 /* IMG_0418.MOV */ = {isa = PBXFileReference; lastKnownFileType = video.quicktime; path = IMG_0418.MOV; sourceTree = "<group>"; };
		90661E901EA67626009E81D3 /* AnimationsComposer.swift */ = {isa = PBXFileReference; fileEncoding = 4; lastKnownFileType = sourcecode.swift; path = AnimationsComposer.swift; sourceTree = "<group>"; };
		90661E921EA678CE009E81D3 /* Logger.swift */ = {isa = PBXFileReference; fileEncoding = 4; lastKnownFileType = sourcecode.swift; path = Logger.swift; sourceTree = "<group>"; };
		90661E941EA6BD28009E81D3 /* IMG_0421.MOV */ = {isa = PBXFileReference; lastKnownFileType = video.quicktime; path = IMG_0421.MOV; sourceTree = "<group>"; };
		906D9E341EA8185500181EC2 /* ALLoadingView.swift */ = {isa = PBXFileReference; fileEncoding = 4; lastKnownFileType = sourcecode.swift; path = ALLoadingView.swift; sourceTree = "<group>"; };
		906D9E361EA827DB00181EC2 /* OverlayView.swift */ = {isa = PBXFileReference; fileEncoding = 4; lastKnownFileType = sourcecode.swift; path = OverlayView.swift; sourceTree = "<group>"; };
		9084C8871EABAAC300B60BCF /* CustomBlurRadiusView.swift */ = {isa = PBXFileReference; fileEncoding = 4; lastKnownFileType = sourcecode.swift; path = CustomBlurRadiusView.swift; sourceTree = "<group>"; };
		9084C8891EABAD0D00B60BCF /* Recording.swift */ = {isa = PBXFileReference; fileEncoding = 4; lastKnownFileType = sourcecode.swift; path = Recording.swift; sourceTree = "<group>"; };
		9084C88C1EABAF0F00B60BCF /* AssetController.swift */ = {isa = PBXFileReference; fileEncoding = 4; lastKnownFileType = sourcecode.swift; path = AssetController.swift; sourceTree = "<group>"; };
		90CD57DF1EACCF60007B1D6E /* FontCell.swift */ = {isa = PBXFileReference; fileEncoding = 4; lastKnownFileType = sourcecode.swift; path = FontCell.swift; sourceTree = "<group>"; };
		90CD57E31EACEB86007B1D6E /* UINavigationControllerExtension.swift */ = {isa = PBXFileReference; fileEncoding = 4; lastKnownFileType = sourcecode.swift; path = UINavigationControllerExtension.swift; sourceTree = "<group>"; };
		90CD57E51EACF206007B1D6E /* UIStoryboardExtension.swift */ = {isa = PBXFileReference; fileEncoding = 4; lastKnownFileType = sourcecode.swift; path = UIStoryboardExtension.swift; sourceTree = "<group>"; };
		90CD57E71EAD1875007B1D6E /* VideoToolbarCoordinator.swift */ = {isa = PBXFileReference; fileEncoding = 4; lastKnownFileType = sourcecode.swift; path = VideoToolbarCoordinator.swift; sourceTree = "<group>"; };
		90CD57E91EAD23F6007B1D6E /* VideoToolbarAnimator.swift */ = {isa = PBXFileReference; fileEncoding = 4; lastKnownFileType = sourcecode.swift; path = VideoToolbarAnimator.swift; sourceTree = "<group>"; };
		90D6B7391EA40E94002B26EE /* PreviewView.swift */ = {isa = PBXFileReference; fileEncoding = 4; lastKnownFileType = sourcecode.swift; path = PreviewView.swift; sourceTree = "<group>"; };
		90DE8C641EACBD6C0055A390 /* ColorCell.swift */ = {isa = PBXFileReference; fileEncoding = 4; lastKnownFileType = sourcecode.swift; path = ColorCell.swift; sourceTree = "<group>"; };
		90DE8C661EACBF8E0055A390 /* ColorsViewController.swift */ = {isa = PBXFileReference; fileEncoding = 4; lastKnownFileType = sourcecode.swift; path = ColorsViewController.swift; sourceTree = "<group>"; };
		90DE8C681EACCC3C0055A390 /* FontsViewController.swift */ = {isa = PBXFileReference; fileEncoding = 4; lastKnownFileType = sourcecode.swift; path = FontsViewController.swift; sourceTree = "<group>"; };
		D77CB4BF8FC3A67C62DE7004 /* Pods-AlohaGIF.debug.xcconfig */ = {isa = PBXFileReference; includeInIndex = 1; lastKnownFileType = text.xcconfig; name = "Pods-AlohaGIF.debug.xcconfig"; path = "Pods/Target Support Files/Pods-AlohaGIF/Pods-AlohaGIF.debug.xcconfig"; sourceTree = "<group>"; };
		E3DFBEE17AE862F9197E9286 /* Pods_AlohaGIF.framework */ = {isa = PBXFileReference; explicitFileType = wrapper.framework; includeInIndex = 0; path = Pods_AlohaGIF.framework; sourceTree = BUILT_PRODUCTS_DIR; };
		E7CBC070143C3A841AA47925 /* Pods-AlohaGIF.release.xcconfig */ = {isa = PBXFileReference; includeInIndex = 1; lastKnownFileType = text.xcconfig; name = "Pods-AlohaGIF.release.xcconfig"; path = "Pods/Target Support Files/Pods-AlohaGIF/Pods-AlohaGIF.release.xcconfig"; sourceTree = "<group>"; };
/* End PBXFileReference section */

/* Begin PBXFrameworksBuildPhase section */
		9041D3301EA24CF9007E134B /* Frameworks */ = {
			isa = PBXFrameworksBuildPhase;
			buildActionMask = 2147483647;
			files = (
				B9C3E75D9DEEC3D2B152EF40 /* Pods_AlohaGIF.framework in Frameworks */,
			);
			runOnlyForDeploymentPostprocessing = 0;
		};
/* End PBXFrameworksBuildPhase section */

/* Begin PBXGroup section */
		9041D32A1EA24CF9007E134B = {
			isa = PBXGroup;
			children = (
				9041D3351EA24CF9007E134B /* AlohaGIF */,
				9041D3341EA24CF9007E134B /* Products */,
				9618B203B1B89BE41FB6B806 /* Pods */,
				F644315E057E247DF15F750D /* Frameworks */,
			);
			sourceTree = "<group>";
		};
		9041D3341EA24CF9007E134B /* Products */ = {
			isa = PBXGroup;
			children = (
				9041D3331EA24CF9007E134B /* AlohaGIF.app */,
			);
			name = Products;
			sourceTree = "<group>";
		};
		9041D3351EA24CF9007E134B /* AlohaGIF */ = {
			isa = PBXGroup;
			children = (
				90661E8E1EA66FC7009E81D3 /* IMG_0418.MOV */,
				90661E941EA6BD28009E81D3 /* IMG_0421.MOV */,
				90661E751EA56052009E81D3 /* Models */,
				9041D3701EA37EDB007E134B /* Storyboards */,
				9041D36F1EA37ECF007E134B /* Extensions */,
				9041D36E1EA37EC2007E134B /* Views */,
				9041D36D1EA37EB3007E134B /* ViewControllers */,
				9041D36C1EA37EA3007E134B /* Libraries */,
				9041D3491EA25B57007E134B /* Fonts */,
				9041D3361EA24CF9007E134B /* AppDelegate.swift */,
				9041D33D1EA24CF9007E134B /* Assets.xcassets */,
				9041D3421EA24CF9007E134B /* Info.plist */,
			);
			path = AlohaGIF;
			sourceTree = "<group>";
		};
		9041D3491EA25B57007E134B /* Fonts */ = {
			isa = PBXGroup;
			children = (
				9041D34A1EA25B63007E134B /* LeckerliOne-Regular.otf */,
			);
			name = Fonts;
			sourceTree = "<group>";
		};
		9041D34C1EA2720D007E134B /* SwiftyOnboard */ = {
			isa = PBXGroup;
			children = (
				9041D34E1EA2720D007E134B /* SwiftyOnboard.h */,
				9041D34F1EA2720D007E134B /* SwiftyOnboard.swift */,
				9041D3501EA2720D007E134B /* SwiftyOnboardOverlay.swift */,
				9041D3511EA2720D007E134B /* SwiftyOnboardPage.swift */,
			);
			path = SwiftyOnboard;
			sourceTree = "<group>";
		};
		9041D3581EA28609007E134B /* CHIPageControl */ = {
			isa = PBXGroup;
			children = (
				9041D35B1EA2864B007E134B /* Core */,
				9041D3591EA2860F007E134B /* CHIPageControlChimayo.swift */,
			);
			name = CHIPageControl;
			sourceTree = "<group>";
		};
		9041D35B1EA2864B007E134B /* Core */ = {
			isa = PBXGroup;
			children = (
				9041D35C1EA2864B007E134B /* CHIBasePageControl.swift */,
				9041D35D1EA2864B007E134B /* CHILayer.swift */,
				9041D35E1EA2864B007E134B /* CHIPageControllable.swift */,
			);
			path = Core;
			sourceTree = "<group>";
		};
		9041D36C1EA37EA3007E134B /* Libraries */ = {
			isa = PBXGroup;
			children = (
				906D9E331EA8182D00181EC2 /* ALLoadingView */,
				904F808A1EA4B9E3008574CE /* ImagePicker */,
				90D6B7381EA40E7E002B26EE /* PreviewView */,
				904B860D1EA400FF00540D3A /* RecordButton */,
				9041D3721EA3D596007E134B /* Promise */,
				9041D34C1EA2720D007E134B /* SwiftyOnboard */,
				9041D3581EA28609007E134B /* CHIPageControl */,
			);
			name = Libraries;
			sourceTree = "<group>";
		};
		9041D36D1EA37EB3007E134B /* ViewControllers */ = {
			isa = PBXGroup;
			children = (
				9041D3681EA37272007E134B /* OverlayOnboardingViewController.swift */,
				9041D3621EA29F52007E134B /* CardOnboardingViewController.swift */,
				9041D3561EA27255007E134B /* OnboardingViewController.swift */,
				904B860B1EA3F8C400540D3A /* CameraViewController.swift */,
				90661E711EA553A6009E81D3 /* VideoPreviewViewController.swift */,
				9013E2E11EAC015800A817A9 /* VideoToolbarViewController.swift */,
				9013E2E31EACAED300A817A9 /* EffectsViewController.swift */,
				90DE8C661EACBF8E0055A390 /* ColorsViewController.swift */,
				90DE8C681EACCC3C0055A390 /* FontsViewController.swift */,
			);
			name = ViewControllers;
			sourceTree = "<group>";
		};
		9041D36E1EA37EC2007E134B /* Views */ = {
			isa = PBXGroup;
			children = (
				9041D36A1EA37427007E134B /* CardView.swift */,
				906D9E361EA827DB00181EC2 /* OverlayView.swift */,
				9084C8871EABAAC300B60BCF /* CustomBlurRadiusView.swift */,
				90DE8C641EACBD6C0055A390 /* ColorCell.swift */,
				90CD57DF1EACCF60007B1D6E /* FontCell.swift */,
			);
			name = Views;
			sourceTree = "<group>";
		};
		9041D36F1EA37ECF007E134B /* Extensions */ = {
			isa = PBXGroup;
			children = (
				9041D3661EA36DDA007E134B /* UIColorExtension.swift */,
				904F80C51EA534A5008574CE /* UIAlertControllerExtension.swift */,
				90661E731EA55EF2009E81D3 /* AVAssetExtension.swift */,
				90CD57E31EACEB86007B1D6E /* UINavigationControllerExtension.swift */,
				90CD57E51EACF206007B1D6E /* UIStoryboardExtension.swift */,
			);
			name = Extensions;
			sourceTree = "<group>";
		};
		9041D3701EA37EDB007E134B /* Storyboards */ = {
			isa = PBXGroup;
			children = (
				9041D33F1EA24CF9007E134B /* LaunchScreen.storyboard */,
				9041D33A1EA24CF9007E134B /* Main.storyboard */,
			);
			name = Storyboards;
			sourceTree = "<group>";
		};
		9041D3721EA3D596007E134B /* Promise */ = {
			isa = PBXGroup;
			children = (
				9041D3731EA3D596007E134B /* Info.plist */,
				9041D3741EA3D596007E134B /* Promise+Extras.swift */,
				9041D3751EA3D596007E134B /* Promise.h */,
				9041D3761EA3D596007E134B /* Promise.swift */,
			);
			path = Promise;
			sourceTree = "<group>";
		};
		904B860D1EA400FF00540D3A /* RecordButton */ = {
			isa = PBXGroup;
			children = (
				904B860E1EA4012700540D3A /* RecordButton.swift */,
			);
			name = RecordButton;
			sourceTree = "<group>";
		};
		904F808A1EA4B9E3008574CE /* ImagePicker */ = {
			isa = PBXGroup;
			children = (
				904F80B41EA4BE56008574CE /* Images */,
				904F808B1EA4B9E3008574CE /* AssetManager.swift */,
				904F808C1EA4B9E3008574CE /* BottomView */,
				904F80941EA4B9E3008574CE /* Configuration.swift */,
				904F80951EA4B9E3008574CE /* Extensions */,
				904F80971EA4B9E3008574CE /* Helper.swift */,
				904F80981EA4B9E3008574CE /* ImageGallery */,
				904F809E1EA4B9E3008574CE /* ImagePickerController.swift */,
				904F809F1EA4B9E3008574CE /* LocationManager.swift */,
				904F80A01EA4B9E3008574CE /* TopView */,
			);
			path = ImagePicker;
			sourceTree = "<group>";
		};
		904F808C1EA4B9E3008574CE /* BottomView */ = {
			isa = PBXGroup;
			children = (
				904F808D1EA4B9E3008574CE /* BottomContainerView.swift */,
				904F808E1EA4B9E3008574CE /* ButtonPicker.swift */,
				904F808F1EA4B9E3008574CE /* ImageStack.swift */,
				904F80901EA4B9E3008574CE /* StackView.swift */,
			);
			path = BottomView;
			sourceTree = "<group>";
		};
		904F80951EA4B9E3008574CE /* Extensions */ = {
			isa = PBXGroup;
			children = (
				904F80961EA4B9E3008574CE /* ConstraintsSetup.swift */,
			);
			path = Extensions;
			sourceTree = "<group>";
		};
		904F80981EA4B9E3008574CE /* ImageGallery */ = {
			isa = PBXGroup;
			children = (
				904F80991EA4B9E3008574CE /* ImageGalleryLayout.swift */,
				904F809A1EA4B9E3008574CE /* ImageGalleryView.swift */,
				904F809B1EA4B9E3008574CE /* ImageGalleryViewCell.swift */,
				904F809C1EA4B9E3008574CE /* ImageGalleryViewDataSource.swift */,
				904F809D1EA4B9E3008574CE /* VideoInfoView.swift */,
			);
			path = ImageGallery;
			sourceTree = "<group>";
		};
		904F80A01EA4B9E3008574CE /* TopView */ = {
			isa = PBXGroup;
			children = (
				904F80A11EA4B9E3008574CE /* TopView.swift */,
			);
			path = TopView;
			sourceTree = "<group>";
		};
		904F80B41EA4BE56008574CE /* Images */ = {
			isa = PBXGroup;
			children = (
				904F80B51EA4BE56008574CE /* AUTO@3x.png */,
				904F80B61EA4BE56008574CE /* cameraIcon@3x.png */,
				904F80C31EA5256A008574CE /* infoIcon@3x.png */,
				904F80B71EA4BE56008574CE /* focusIcon@3x.png */,
				904F80B81EA4BE56008574CE /* OFF@3x.png */,
				904F80B91EA4BE56008574CE /* ON@3x.png */,
				904F80BA1EA4BE56008574CE /* selectedImageGallery@3x.png */,
				904F80BB1EA4BE56008574CE /* video@3x.png */,
			);
			path = Images;
			sourceTree = "<group>";
		};
		90661E751EA56052009E81D3 /* Models */ = {
			isa = PBXGroup;
			children = (
				90661E761EA56140009E81D3 /* SpeechRecognizer.swift */,
				90661E7A1EA60FBB009E81D3 /* AudioExtractor.swift */,
				9041D37A1EA3DBCB007E134B /* PermissionController.swift */,
				90661E7C1EA61379009E81D3 /* SpeechModel.swift */,
				90661E7E1EA614C6009E81D3 /* SpeechController.swift */,
				90661E881EA6253A009E81D3 /* VideoSubtitlesComposer.swift */,
				90661E8A1EA626E5009E81D3 /* DynamicSubtitlesComposer.swift */,
				90661E901EA67626009E81D3 /* AnimationsComposer.swift */,
				90661E921EA678CE009E81D3 /* Logger.swift */,
				9084C8891EABAD0D00B60BCF /* Recording.swift */,
				9084C88C1EABAF0F00B60BCF /* AssetController.swift */,
				90CD57E71EAD1875007B1D6E /* VideoToolbarCoordinator.swift */,
				90CD57E91EAD23F6007B1D6E /* VideoToolbarAnimator.swift */,
			);
			name = Models;
			sourceTree = "<group>";
		};
		906D9E331EA8182D00181EC2 /* ALLoadingView */ = {
			isa = PBXGroup;
			children = (
				906D9E341EA8185500181EC2 /* ALLoadingView.swift */,
			);
			name = ALLoadingView;
			sourceTree = "<group>";
		};
		90D6B7381EA40E7E002B26EE /* PreviewView */ = {
			isa = PBXGroup;
			children = (
				90D6B7391EA40E94002B26EE /* PreviewView.swift */,
			);
			name = PreviewView;
			sourceTree = "<group>";
		};
		9618B203B1B89BE41FB6B806 /* Pods */ = {
			isa = PBXGroup;
			children = (
				D77CB4BF8FC3A67C62DE7004 /* Pods-AlohaGIF.debug.xcconfig */,
				E7CBC070143C3A841AA47925 /* Pods-AlohaGIF.release.xcconfig */,
			);
			name = Pods;
			sourceTree = "<group>";
		};
		F644315E057E247DF15F750D /* Frameworks */ = {
			isa = PBXGroup;
			children = (
				E3DFBEE17AE862F9197E9286 /* Pods_AlohaGIF.framework */,
			);
			name = Frameworks;
			sourceTree = "<group>";
		};
/* End PBXGroup section */

/* Begin PBXNativeTarget section */
		9041D3321EA24CF9007E134B /* AlohaGIF */ = {
			isa = PBXNativeTarget;
			buildConfigurationList = 9041D3451EA24CF9007E134B /* Build configuration list for PBXNativeTarget "AlohaGIF" */;
			buildPhases = (
				B487BCC4DED0D040DDC2A232 /* [CP] Check Pods Manifest.lock */,
				9041D32F1EA24CF9007E134B /* Sources */,
				9041D3301EA24CF9007E134B /* Frameworks */,
				9041D3311EA24CF9007E134B /* Resources */,
				BE7881C8FBA2FD3D1D2CD48D /* [CP] Embed Pods Frameworks */,
				9F69C6E53169C1259F76D347 /* [CP] Copy Pods Resources */,
			);
			buildRules = (
			);
			dependencies = (
			);
			name = AlohaGIF;
			productName = AlohaGIF;
			productReference = 9041D3331EA24CF9007E134B /* AlohaGIF.app */;
			productType = "com.apple.product-type.application";
		};
/* End PBXNativeTarget section */

/* Begin PBXProject section */
		9041D32B1EA24CF9007E134B /* Project object */ = {
			isa = PBXProject;
			attributes = {
				LastSwiftUpdateCheck = 0820;
				LastUpgradeCheck = 0820;
				ORGANIZATIONNAME = "Michal Pyrka";
				TargetAttributes = {
					9041D3321EA24CF9007E134B = {
						CreatedOnToolsVersion = 8.2.1;
						DevelopmentTeam = AS5AAW6A59;
						ProvisioningStyle = Automatic;
					};
				};
			};
			buildConfigurationList = 9041D32E1EA24CF9007E134B /* Build configuration list for PBXProject "AlohaGIF" */;
			compatibilityVersion = "Xcode 3.2";
			developmentRegion = English;
			hasScannedForEncodings = 0;
			knownRegions = (
				en,
				Base,
			);
			mainGroup = 9041D32A1EA24CF9007E134B;
			productRefGroup = 9041D3341EA24CF9007E134B /* Products */;
			projectDirPath = "";
			projectRoot = "";
			targets = (
				9041D3321EA24CF9007E134B /* AlohaGIF */,
			);
		};
/* End PBXProject section */

/* Begin PBXResourcesBuildPhase section */
		9041D3311EA24CF9007E134B /* Resources */ = {
			isa = PBXResourcesBuildPhase;
			buildActionMask = 2147483647;
			files = (
				904F80C01EA4BE56008574CE /* ON@3x.png in Resources */,
				904F80C11EA4BE56008574CE /* selectedImageGallery@3x.png in Resources */,
				904F80C41EA5256A008574CE /* infoIcon@3x.png in Resources */,
				9041D3411EA24CF9007E134B /* LaunchScreen.storyboard in Resources */,
				9041D33E1EA24CF9007E134B /* Assets.xcassets in Resources */,
				904F80BC1EA4BE56008574CE /* AUTO@3x.png in Resources */,
				904F80C21EA4BE56008574CE /* video@3x.png in Resources */,
				90661E8F1EA66FC7009E81D3 /* IMG_0418.MOV in Resources */,
				90661E951EA6BD28009E81D3 /* IMG_0421.MOV in Resources */,
				9041D34B1EA25B63007E134B /* LeckerliOne-Regular.otf in Resources */,
				9041D3771EA3D596007E134B /* Info.plist in Resources */,
				904F80BF1EA4BE56008574CE /* OFF@3x.png in Resources */,
				9041D33C1EA24CF9007E134B /* Main.storyboard in Resources */,
				904F80BD1EA4BE56008574CE /* cameraIcon@3x.png in Resources */,
				904F80BE1EA4BE56008574CE /* focusIcon@3x.png in Resources */,
			);
			runOnlyForDeploymentPostprocessing = 0;
		};
/* End PBXResourcesBuildPhase section */

/* Begin PBXShellScriptBuildPhase section */
		9F69C6E53169C1259F76D347 /* [CP] Copy Pods Resources */ = {
			isa = PBXShellScriptBuildPhase;
			buildActionMask = 2147483647;
			files = (
			);
			inputPaths = (
			);
			name = "[CP] Copy Pods Resources";
			outputPaths = (
			);
			runOnlyForDeploymentPostprocessing = 0;
			shellPath = /bin/sh;
			shellScript = "\"${SRCROOT}/Pods/Target Support Files/Pods-AlohaGIF/Pods-AlohaGIF-resources.sh\"\n";
			showEnvVarsInLog = 0;
		};
		B487BCC4DED0D040DDC2A232 /* [CP] Check Pods Manifest.lock */ = {
			isa = PBXShellScriptBuildPhase;
			buildActionMask = 2147483647;
			files = (
			);
			inputPaths = (
			);
			name = "[CP] Check Pods Manifest.lock";
			outputPaths = (
			);
			runOnlyForDeploymentPostprocessing = 0;
			shellPath = /bin/sh;
			shellScript = "diff \"${PODS_ROOT}/../Podfile.lock\" \"${PODS_ROOT}/Manifest.lock\" > /dev/null\nif [ $? != 0 ] ; then\n    # print error to STDERR\n    echo \"error: The sandbox is not in sync with the Podfile.lock. Run 'pod install' or update your CocoaPods installation.\" >&2\n    exit 1\nfi\n";
			showEnvVarsInLog = 0;
		};
		BE7881C8FBA2FD3D1D2CD48D /* [CP] Embed Pods Frameworks */ = {
			isa = PBXShellScriptBuildPhase;
			buildActionMask = 2147483647;
			files = (
			);
			inputPaths = (
			);
			name = "[CP] Embed Pods Frameworks";
			outputPaths = (
			);
			runOnlyForDeploymentPostprocessing = 0;
			shellPath = /bin/sh;
			shellScript = "\"${SRCROOT}/Pods/Target Support Files/Pods-AlohaGIF/Pods-AlohaGIF-frameworks.sh\"\n";
			showEnvVarsInLog = 0;
		};
/* End PBXShellScriptBuildPhase section */

/* Begin PBXSourcesBuildPhase section */
		9041D32F1EA24CF9007E134B /* Sources */ = {
			isa = PBXSourcesBuildPhase;
			buildActionMask = 2147483647;
			files = (
				9041D35F1EA2864B007E134B /* CHIBasePageControl.swift in Sources */,
				90661E721EA553A6009E81D3 /* VideoPreviewViewController.swift in Sources */,
				9041D3531EA2720D007E134B /* SwiftyOnboard.swift in Sources */,
				904F80AE1EA4B9E3008574CE /* ImageGalleryViewCell.swift in Sources */,
				904B860F1EA4012700540D3A /* RecordButton.swift in Sources */,
				9084C8881EABAAC300B60BCF /* CustomBlurRadiusView.swift in Sources */,
				90661E8B1EA626E5009E81D3 /* DynamicSubtitlesComposer.swift in Sources */,
				9041D37B1EA3DBCB007E134B /* PermissionController.swift in Sources */,
				904B860C1EA3F8C400540D3A /* CameraViewController.swift in Sources */,
				9084C88D1EABAF0F00B60BCF /* AssetController.swift in Sources */,
				9041D3791EA3D596007E134B /* Promise.swift in Sources */,
				906D9E371EA827DB00181EC2 /* OverlayView.swift in Sources */,
				90661E931EA678CE009E81D3 /* Logger.swift in Sources */,
				90CD57EA1EAD23F6007B1D6E /* VideoToolbarAnimator.swift in Sources */,
				904F80B21EA4B9E3008574CE /* LocationManager.swift in Sources */,
				9041D3631EA29F52007E134B /* CardOnboardingViewController.swift in Sources */,
				904F80AD1EA4B9E3008574CE /* ImageGalleryView.swift in Sources */,
				904F80A41EA4B9E3008574CE /* ButtonPicker.swift in Sources */,
				904F80B31EA4B9E3008574CE /* TopView.swift in Sources */,
				904F80A31EA4B9E3008574CE /* BottomContainerView.swift in Sources */,
				904F80B11EA4B9E3008574CE /* ImagePickerController.swift in Sources */,
				904F80AA1EA4B9E3008574CE /* ConstraintsSetup.swift in Sources */,
				90D6B73A1EA40E94002B26EE /* PreviewView.swift in Sources */,
				904F80A21EA4B9E3008574CE /* AssetManager.swift in Sources */,
				904F80A61EA4B9E3008574CE /* StackView.swift in Sources */,
				90CD57E01EACCF60007B1D6E /* FontCell.swift in Sources */,
				90661E891EA6253A009E81D3 /* VideoSubtitlesComposer.swift in Sources */,
				90DE8C671EACBF8E0055A390 /* ColorsViewController.swift in Sources */,
				904F80AC1EA4B9E3008574CE /* ImageGalleryLayout.swift in Sources */,
				9041D3691EA37272007E134B /* OverlayOnboardingViewController.swift in Sources */,
				904F80B01EA4B9E3008574CE /* VideoInfoView.swift in Sources */,
				90CD57E81EAD1875007B1D6E /* VideoToolbarCoordinator.swift in Sources */,
				90DE8C691EACCC3C0055A390 /* FontsViewController.swift in Sources */,
				9041D3781EA3D596007E134B /* Promise+Extras.swift in Sources */,
				90661E771EA56140009E81D3 /* SpeechRecognizer.swift in Sources */,
				9013E2E21EAC015800A817A9 /* VideoToolbarViewController.swift in Sources */,
				9041D3571EA27255007E134B /* OnboardingViewController.swift in Sources */,
				90CD57E41EACEB86007B1D6E /* UINavigationControllerExtension.swift in Sources */,
				906D9E351EA8185500181EC2 /* ALLoadingView.swift in Sources */,
				9041D3601EA2864B007E134B /* CHILayer.swift in Sources */,
				90661E741EA55EF2009E81D3 /* AVAssetExtension.swift in Sources */,
				9041D3551EA2720D007E134B /* SwiftyOnboardPage.swift in Sources */,
				904F80AF1EA4B9E3008574CE /* ImageGalleryViewDataSource.swift in Sources */,
				9041D36B1EA37427007E134B /* CardView.swift in Sources */,
				90661E911EA67626009E81D3 /* AnimationsComposer.swift in Sources */,
				9041D3611EA2864B007E134B /* CHIPageControllable.swift in Sources */,
				904F80A91EA4B9E3008574CE /* Configuration.swift in Sources */,
				9041D3541EA2720D007E134B /* SwiftyOnboardOverlay.swift in Sources */,
				90661E7D1EA61379009E81D3 /* SpeechModel.swift in Sources */,
				9041D3371EA24CF9007E134B /* AppDelegate.swift in Sources */,
				9041D35A1EA2860F007E134B /* CHIPageControlChimayo.swift in Sources */,
				904F80C61EA534A5008574CE /* UIAlertControllerExtension.swift in Sources */,
				9013E2E41EACAED300A817A9 /* EffectsViewController.swift in Sources */,
				90DE8C651EACBD6C0055A390 /* ColorCell.swift in Sources */,
				904F80A51EA4B9E3008574CE /* ImageStack.swift in Sources */,
				90661E7B1EA60FBB009E81D3 /* AudioExtractor.swift in Sources */,
				90CD57E61EACF206007B1D6E /* UIStoryboardExtension.swift in Sources */,
				904F80AB1EA4B9E3008574CE /* Helper.swift in Sources */,
				9041D3671EA36DDA007E134B /* UIColorExtension.swift in Sources */,
				90661E7F1EA614C6009E81D3 /* SpeechController.swift in Sources */,
				9084C88A1EABAD0D00B60BCF /* Recording.swift in Sources */,
			);
			runOnlyForDeploymentPostprocessing = 0;
		};
/* End PBXSourcesBuildPhase section */

/* Begin PBXVariantGroup section */
		9041D33A1EA24CF9007E134B /* Main.storyboard */ = {
			isa = PBXVariantGroup;
			children = (
				9041D33B1EA24CF9007E134B /* Base */,
			);
			name = Main.storyboard;
			sourceTree = "<group>";
		};
		9041D33F1EA24CF9007E134B /* LaunchScreen.storyboard */ = {
			isa = PBXVariantGroup;
			children = (
				9041D3401EA24CF9007E134B /* Base */,
			);
			name = LaunchScreen.storyboard;
			sourceTree = "<group>";
		};
/* End PBXVariantGroup section */

/* Begin XCBuildConfiguration section */
		9041D3431EA24CF9007E134B /* Debug */ = {
			isa = XCBuildConfiguration;
			buildSettings = {
				ALWAYS_SEARCH_USER_PATHS = NO;
				CLANG_ANALYZER_NONNULL = YES;
				CLANG_CXX_LANGUAGE_STANDARD = "gnu++0x";
				CLANG_CXX_LIBRARY = "libc++";
				CLANG_ENABLE_MODULES = YES;
				CLANG_ENABLE_OBJC_ARC = YES;
				CLANG_WARN_BOOL_CONVERSION = YES;
				CLANG_WARN_CONSTANT_CONVERSION = YES;
				CLANG_WARN_DIRECT_OBJC_ISA_USAGE = YES_ERROR;
				CLANG_WARN_DOCUMENTATION_COMMENTS = YES;
				CLANG_WARN_EMPTY_BODY = YES;
				CLANG_WARN_ENUM_CONVERSION = YES;
				CLANG_WARN_INFINITE_RECURSION = YES;
				CLANG_WARN_INT_CONVERSION = YES;
				CLANG_WARN_OBJC_ROOT_CLASS = YES_ERROR;
				CLANG_WARN_SUSPICIOUS_MOVE = YES;
				CLANG_WARN_UNREACHABLE_CODE = YES;
				CLANG_WARN__DUPLICATE_METHOD_MATCH = YES;
				"CODE_SIGN_IDENTITY[sdk=iphoneos*]" = "iPhone Developer";
				COPY_PHASE_STRIP = NO;
				DEBUG_INFORMATION_FORMAT = dwarf;
				ENABLE_STRICT_OBJC_MSGSEND = YES;
				ENABLE_TESTABILITY = YES;
				GCC_C_LANGUAGE_STANDARD = gnu99;
				GCC_DYNAMIC_NO_PIC = NO;
				GCC_NO_COMMON_BLOCKS = YES;
				GCC_OPTIMIZATION_LEVEL = 0;
				GCC_PREPROCESSOR_DEFINITIONS = (
					"DEBUG=1",
					"$(inherited)",
				);
				GCC_WARN_64_TO_32_BIT_CONVERSION = YES;
				GCC_WARN_ABOUT_RETURN_TYPE = YES_ERROR;
				GCC_WARN_UNDECLARED_SELECTOR = YES;
				GCC_WARN_UNINITIALIZED_AUTOS = YES_AGGRESSIVE;
				GCC_WARN_UNUSED_FUNCTION = YES;
				GCC_WARN_UNUSED_VARIABLE = YES;
				IPHONEOS_DEPLOYMENT_TARGET = 10.2;
				MTL_ENABLE_DEBUG_INFO = YES;
				ONLY_ACTIVE_ARCH = YES;
				SDKROOT = iphoneos;
				SWIFT_ACTIVE_COMPILATION_CONDITIONS = DEBUG;
				SWIFT_OPTIMIZATION_LEVEL = "-Onone";
			};
			name = Debug;
		};
		9041D3441EA24CF9007E134B /* Release */ = {
			isa = XCBuildConfiguration;
			buildSettings = {
				ALWAYS_SEARCH_USER_PATHS = NO;
				CLANG_ANALYZER_NONNULL = YES;
				CLANG_CXX_LANGUAGE_STANDARD = "gnu++0x";
				CLANG_CXX_LIBRARY = "libc++";
				CLANG_ENABLE_MODULES = YES;
				CLANG_ENABLE_OBJC_ARC = YES;
				CLANG_WARN_BOOL_CONVERSION = YES;
				CLANG_WARN_CONSTANT_CONVERSION = YES;
				CLANG_WARN_DIRECT_OBJC_ISA_USAGE = YES_ERROR;
				CLANG_WARN_DOCUMENTATION_COMMENTS = YES;
				CLANG_WARN_EMPTY_BODY = YES;
				CLANG_WARN_ENUM_CONVERSION = YES;
				CLANG_WARN_INFINITE_RECURSION = YES;
				CLANG_WARN_INT_CONVERSION = YES;
				CLANG_WARN_OBJC_ROOT_CLASS = YES_ERROR;
				CLANG_WARN_SUSPICIOUS_MOVE = YES;
				CLANG_WARN_UNREACHABLE_CODE = YES;
				CLANG_WARN__DUPLICATE_METHOD_MATCH = YES;
				"CODE_SIGN_IDENTITY[sdk=iphoneos*]" = "iPhone Developer";
				COPY_PHASE_STRIP = NO;
				DEBUG_INFORMATION_FORMAT = "dwarf-with-dsym";
				ENABLE_NS_ASSERTIONS = NO;
				ENABLE_STRICT_OBJC_MSGSEND = YES;
				GCC_C_LANGUAGE_STANDARD = gnu99;
				GCC_NO_COMMON_BLOCKS = YES;
				GCC_WARN_64_TO_32_BIT_CONVERSION = YES;
				GCC_WARN_ABOUT_RETURN_TYPE = YES_ERROR;
				GCC_WARN_UNDECLARED_SELECTOR = YES;
				GCC_WARN_UNINITIALIZED_AUTOS = YES_AGGRESSIVE;
				GCC_WARN_UNUSED_FUNCTION = YES;
				GCC_WARN_UNUSED_VARIABLE = YES;
				IPHONEOS_DEPLOYMENT_TARGET = 10.2;
				MTL_ENABLE_DEBUG_INFO = NO;
				SDKROOT = iphoneos;
				SWIFT_OPTIMIZATION_LEVEL = "-Owholemodule";
				VALIDATE_PRODUCT = YES;
			};
			name = Release;
		};
		9041D3461EA24CF9007E134B /* Debug */ = {
			isa = XCBuildConfiguration;
			baseConfigurationReference = D77CB4BF8FC3A67C62DE7004 /* Pods-AlohaGIF.debug.xcconfig */;
			buildSettings = {
				ALWAYS_EMBED_SWIFT_STANDARD_LIBRARIES = YES;
				ASSETCATALOG_COMPILER_APPICON_NAME = AppIcon;
				DEVELOPMENT_TEAM = AS5AAW6A59;
				INFOPLIST_FILE = AlohaGIF/Info.plist;
				LD_RUNPATH_SEARCH_PATHS = "$(inherited) @executable_path/Frameworks";
				PRODUCT_BUNDLE_IDENTIFIER = MP.AlohaGIF;
				PRODUCT_NAME = "$(TARGET_NAME)";
				SWIFT_VERSION = 3.0;
			};
			name = Debug;
		};
		9041D3471EA24CF9007E134B /* Release */ = {
			isa = XCBuildConfiguration;
			baseConfigurationReference = E7CBC070143C3A841AA47925 /* Pods-AlohaGIF.release.xcconfig */;
			buildSettings = {
				ALWAYS_EMBED_SWIFT_STANDARD_LIBRARIES = YES;
				ASSETCATALOG_COMPILER_APPICON_NAME = AppIcon;
				DEVELOPMENT_TEAM = AS5AAW6A59;
				INFOPLIST_FILE = AlohaGIF/Info.plist;
				LD_RUNPATH_SEARCH_PATHS = "$(inherited) @executable_path/Frameworks";
				PRODUCT_BUNDLE_IDENTIFIER = MP.AlohaGIF;
				PRODUCT_NAME = "$(TARGET_NAME)";
				SWIFT_VERSION = 3.0;
			};
			name = Release;
		};
/* End XCBuildConfiguration section */

/* Begin XCConfigurationList section */
		9041D32E1EA24CF9007E134B /* Build configuration list for PBXProject "AlohaGIF" */ = {
			isa = XCConfigurationList;
			buildConfigurations = (
				9041D3431EA24CF9007E134B /* Debug */,
				9041D3441EA24CF9007E134B /* Release */,
			);
			defaultConfigurationIsVisible = 0;
			defaultConfigurationName = Release;
		};
		9041D3451EA24CF9007E134B /* Build configuration list for PBXNativeTarget "AlohaGIF" */ = {
			isa = XCConfigurationList;
			buildConfigurations = (
				9041D3461EA24CF9007E134B /* Debug */,
				9041D3471EA24CF9007E134B /* Release */,
			);
			defaultConfigurationIsVisible = 0;
			defaultConfigurationName = Release;
		};
/* End XCConfigurationList section */
	};
	rootObject = 9041D32B1EA24CF9007E134B /* Project object */;
}
